
Microsoft Visual Studio Solution File, Format Version 12.00
# Visual Studio Version 17
VisualStudioVersion = 17.10.35013.160
MinimumVisualStudioVersion = 10.0.40219.1
Project("{FAE04EC0-301F-11D3-BF4B-00C04F79EFBC}") = "BritishGarmentsMVC", "BritishGarmentsMVC\BritishGarmentsMVC.csproj", "{83CF4EBD-0F71-4A8D-9660-588DAC4F151E}"
EndProject
Global
	GlobalSection(SolutionConfigurationPlatforms) = preSolution
		Debug|Any CPU = Debug|Any CPU
		Release|Any CPU = Release|Any CPU
	EndGlobalSection
	GlobalSection(ProjectConfigurationPlatforms) = postSolution
		{83CF4EBD-0F71-4A8D-9660-588DAC4F151E}.Debug|Any CPU.ActiveCfg = Debug|Any CPU
		{83CF4EBD-0F71-4A8D-9660-588DAC4F151E}.Debug|Any CPU.Build.0 = Debug|Any CPU
		{83CF4EBD-0F71-4A8D-9660-588DAC4F151E}.Release|Any CPU.ActiveCfg = Release|Any CPU
		{83CF4EBD-0F71-4A8D-9660-588DAC4F151E}.Release|Any CPU.Build.0 = Release|Any CPU
	EndGlobalSection
	GlobalSection(SolutionProperties) = preSolution
		HideSolutionNode = FALSE
	EndGlobalSection
	GlobalSection(ExtensibilityGlobals) = postSolution
		SolutionGuid = {89A6B073-CD91-464B-9F3A-313119300037}
	EndGlobalSection
EndGlobal
